
Microsoft Visual Studio Solution File, Format Version 12.00
# Visual Studio Version 16
VisualStudioVersion = 16.0.34601.136
MinimumVisualStudioVersion = 10.0.40219.1
Project("{FAE04EC0-301F-11D3-BF4B-00C04F79EFBC}") = "VN2000Transfer", "VN2000Transfer\VN2000Transfer.csproj", "{1C4EBBEF-54AD-40E6-9088-D5097177FD4A}"
EndProject
Project("{FAE04EC0-301F-11D3-BF4B-00C04F79EFBC}") = "AutoCAD VN2000", "AutoCAD VN2000\AutoCAD VN2000.csproj", "{6A086223-1330-4F08-A895-16CF1F50054B}"
EndProject
Global
	GlobalSection(SolutionConfigurationPlatforms) = preSolution
		Debug|Any CPU = Debug|Any CPU
		Debug|x64 = Debug|x64
		Debug|x86 = Debug|x86
		Release|Any CPU = Release|Any CPU
		Release|x64 = Release|x64
		Release|x86 = Release|x86
	EndGlobalSection
	GlobalSection(ProjectConfigurationPlatforms) = postSolution
		{1C4EBBEF-54AD-40E6-9088-D5097177FD4A}.Debug|Any CPU.ActiveCfg = Debug|Any CPU
		{1C4EBBEF-54AD-40E6-9088-D5097177FD4A}.Debug|Any CPU.Build.0 = Debug|Any CPU
		{1C4EBBEF-54AD-40E6-9088-D5097177FD4A}.Debug|x64.ActiveCfg = Debug|Any CPU
		{1C4EBBEF-54AD-40E6-9088-D5097177FD4A}.Debug|x64.Build.0 = Debug|Any CPU
		{1C4EBBEF-54AD-40E6-9088-D5097177FD4A}.Debug|x86.ActiveCfg = Debug|Any CPU
		{1C4EBBEF-54AD-40E6-9088-D5097177FD4A}.Debug|x86.Build.0 = Debug|Any CPU
		{1C4EBBEF-54AD-40E6-9088-D5097177FD4A}.Release|Any CPU.ActiveCfg = Release|Any CPU
		{1C4EBBEF-54AD-40E6-9088-D5097177FD4A}.Release|Any CPU.Build.0 = Release|Any CPU
		{1C4EBBEF-54AD-40E6-9088-D5097177FD4A}.Release|x64.ActiveCfg = Release|Any CPU
		{1C4EBBEF-54AD-40E6-9088-D5097177FD4A}.Release|x64.Build.0 = Release|Any CPU
		{1C4EBBEF-54AD-40E6-9088-D5097177FD4A}.Release|x86.ActiveCfg = Release|Any CPU
		{1C4EBBEF-54AD-40E6-9088-D5097177FD4A}.Release|x86.Build.0 = Release|Any CPU
		{6A086223-1330-4F08-A895-16CF1F50054B}.Debug|Any CPU.ActiveCfg = Debug|Any CPU
		{6A086223-1330-4F08-A895-16CF1F50054B}.Debug|Any CPU.Build.0 = Debug|Any CPU
		{6A086223-1330-4F08-A895-16CF1F50054B}.Debug|x64.ActiveCfg = Debug|Any CPU
		{6A086223-1330-4F08-A895-16CF1F50054B}.Debug|x64.Build.0 = Debug|Any CPU
		{6A086223-1330-4F08-A895-16CF1F50054B}.Debug|x86.ActiveCfg = Debug|Any CPU
		{6A086223-1330-4F08-A895-16CF1F50054B}.Debug|x86.Build.0 = Debug|Any CPU
		{6A086223-1330-4F08-A895-16CF1F50054B}.Release|Any CPU.ActiveCfg = Release|Any CPU
		{6A086223-1330-4F08-A895-16CF1F50054B}.Release|Any CPU.Build.0 = Release|Any CPU
		{6A086223-1330-4F08-A895-16CF1F50054B}.Release|x64.ActiveCfg = Release|Any CPU
		{6A086223-1330-4F08-A895-16CF1F50054B}.Release|x64.Build.0 = Release|Any CPU
		{6A086223-1330-4F08-A895-16CF1F50054B}.Release|x86.ActiveCfg = Release|Any CPU
		{6A086223-1330-4F08-A895-16CF1F50054B}.Release|x86.Build.0 = Release|Any CPU
	EndGlobalSection
	GlobalSection(SolutionProperties) = preSolution
		HideSolutionNode = FALSE
	EndGlobalSection
	GlobalSection(ExtensibilityGlobals) = postSolution
		SolutionGuid = {B04152B1-4D4C-487B-AC41-5C8AF4644692}
	EndGlobalSection
EndGlobal
